github.com/alexellis/hmac v0.0.0-20180624211220-5c52ab81c0de h1:jiPEvtW8VT0KwJxRyjW2VAAvlssjj9SfecsQ3Vgv5tk=
github.com/alexellis/hmac v0.0.0-20180624211220-5c52ab81c0de/go.mod h1:uAbpy8G7sjNB4qYdY6ymf5OIQ+TLDPApBYiR0Vc3lhk=
github.com/rs/xid v1.2.1 h1:mhH9Nq+C1fY2l1XIpgxIiUOfNpRBYH1kKcr+qfKgjRc=
github.com/rs/xid v1.2.1/go.mod h1:+uKXf+4Djp6Md1KODXJxgGQPKngRmWyn10oCKFzNHOQ=
github.com/s8sg/faasflow v0.5.0 h1:/oFTyf21KeSyzVkgbwOOeG9FGEDA+pP4XXQOKCQeuYs=
github.com/s8sg/faasflow v0.5.0/go.mod h1:kVZV+5GdsGg69vzpb/8EVdj+7I0K9FXatMa/DjYKRIg=
